github.com/hkloudou/xtransport v1.1.6 h1:l7A8ZSUXKD4xdRv6N/8rGvJDdI+cz4+k9s5VyicdM+c=
github.com/hkloudou/xtransport v1.1.6/go.mod h1:AtcoR7/m5zARlmpcliG5OTGqZhP7v75425KHZzPZEtg=
github.com/hkloudou/xtransport v1.1.7 h1:lVhGZ6hKPPRgFzvLWu7FbY0Msr3VxtFTp1a7ei4ev/U=
github.com/hkloudou/xtransport v1.1.7/go.mod h1:AtcoR7/m5zARlmpcliG5OTGqZhP7v75425KHZzPZEtg=
